
Microsoft Visual Studio Solution File, Format Version 12.00
# Visual Studio Version 17
VisualStudioVersion = 17.8.34330.188
MinimumVisualStudioVersion = 10.0.40219.1
Project("{9A19103F-16F7-4668-BE54-9A1E7A4F7556}") = "_1301_1", "_1301_1\_1301_1.csproj", "{3E1CD5AB-AB7D-4771-9799-8AF85BAF0B2F}"
EndProject
Project("{9A19103F-16F7-4668-BE54-9A1E7A4F7556}") = "_1301_2", "_1301_2\_1301_2.csproj", "{D3415A7E-002E-478D-A841-528EF4A8FC58}"
EndProject
Project("{FAE04EC0-301F-11D3-BF4B-00C04F79EFBC}") = "_2001_Tests", "_2001_Tests\_2001_Tests.csproj", "{F6CFFDF9-276D-4481-AB6A-51C1E9B21326}"
EndProject
Project("{FAE04EC0-301F-11D3-BF4B-00C04F79EFBC}") = "_2001_Lib", "_2001_Lib\_2001_Lib.csproj", "{54BEE52F-CAB7-4F6B-990C-1B5C454E19A6}"
EndProject
Project("{FAE04EC0-301F-11D3-BF4B-00C04F79EFBC}") = "_0102_1_ICSharpCode.TextEditor", "_0102_1_ICSharpCode.TextEditor\Project\_0102_1_ICSharpCode.TextEditor.csproj", "{2D18BE89-D210-49EB-A9DD-2246FBB3DF6D}"
EndProject
Project("{FAE04EC0-301F-11D3-BF4B-00C04F79EFBC}") = "_0102_1", "_0102_1_TextEditor\_0102_1.csproj", "{9DAE91C2-4EB1-4E50-89DA-DDD0537D8F97}"
EndProject
Project("{FAE04EC0-301F-11D3-BF4B-00C04F79EFBC}") = "_0102_2", "_0102_2\_0102_2.csproj", "{C21D953D-3555-4C9D-91ED-C62BF2296774}"
EndProject
Global
	GlobalSection(SolutionConfigurationPlatforms) = preSolution
		Debug|Any CPU = Debug|Any CPU
		Release|Any CPU = Release|Any CPU
	EndGlobalSection
	GlobalSection(ProjectConfigurationPlatforms) = postSolution
		{3E1CD5AB-AB7D-4771-9799-8AF85BAF0B2F}.Debug|Any CPU.ActiveCfg = Debug|Any CPU
		{3E1CD5AB-AB7D-4771-9799-8AF85BAF0B2F}.Debug|Any CPU.Build.0 = Debug|Any CPU
		{3E1CD5AB-AB7D-4771-9799-8AF85BAF0B2F}.Release|Any CPU.ActiveCfg = Release|Any CPU
		{3E1CD5AB-AB7D-4771-9799-8AF85BAF0B2F}.Release|Any CPU.Build.0 = Release|Any CPU
		{D3415A7E-002E-478D-A841-528EF4A8FC58}.Debug|Any CPU.ActiveCfg = Debug|Any CPU
		{D3415A7E-002E-478D-A841-528EF4A8FC58}.Debug|Any CPU.Build.0 = Debug|Any CPU
		{D3415A7E-002E-478D-A841-528EF4A8FC58}.Release|Any CPU.ActiveCfg = Release|Any CPU
		{D3415A7E-002E-478D-A841-528EF4A8FC58}.Release|Any CPU.Build.0 = Release|Any CPU
		{F6CFFDF9-276D-4481-AB6A-51C1E9B21326}.Debug|Any CPU.ActiveCfg = Debug|Any CPU
		{F6CFFDF9-276D-4481-AB6A-51C1E9B21326}.Debug|Any CPU.Build.0 = Debug|Any CPU
		{F6CFFDF9-276D-4481-AB6A-51C1E9B21326}.Release|Any CPU.ActiveCfg = Release|Any CPU
		{F6CFFDF9-276D-4481-AB6A-51C1E9B21326}.Release|Any CPU.Build.0 = Release|Any CPU
		{54BEE52F-CAB7-4F6B-990C-1B5C454E19A6}.Debug|Any CPU.ActiveCfg = Debug|Any CPU
		{54BEE52F-CAB7-4F6B-990C-1B5C454E19A6}.Debug|Any CPU.Build.0 = Debug|Any CPU
		{54BEE52F-CAB7-4F6B-990C-1B5C454E19A6}.Release|Any CPU.ActiveCfg = Release|Any CPU
		{54BEE52F-CAB7-4F6B-990C-1B5C454E19A6}.Release|Any CPU.Build.0 = Release|Any CPU
		{2D18BE89-D210-49EB-A9DD-2246FBB3DF6D}.Debug|Any CPU.ActiveCfg = Debug|Any CPU
		{2D18BE89-D210-49EB-A9DD-2246FBB3DF6D}.Debug|Any CPU.Build.0 = Debug|Any CPU
		{2D18BE89-D210-49EB-A9DD-2246FBB3DF6D}.Release|Any CPU.ActiveCfg = Release|Any CPU
		{2D18BE89-D210-49EB-A9DD-2246FBB3DF6D}.Release|Any CPU.Build.0 = Release|Any CPU
		{9DAE91C2-4EB1-4E50-89DA-DDD0537D8F97}.Debug|Any CPU.ActiveCfg = Debug|Any CPU
		{9DAE91C2-4EB1-4E50-89DA-DDD0537D8F97}.Debug|Any CPU.Build.0 = Debug|Any CPU
		{9DAE91C2-4EB1-4E50-89DA-DDD0537D8F97}.Release|Any CPU.ActiveCfg = Release|Any CPU
		{9DAE91C2-4EB1-4E50-89DA-DDD0537D8F97}.Release|Any CPU.Build.0 = Release|Any CPU
		{C21D953D-3555-4C9D-91ED-C62BF2296774}.Debug|Any CPU.ActiveCfg = Debug|Any CPU
		{C21D953D-3555-4C9D-91ED-C62BF2296774}.Debug|Any CPU.Build.0 = Debug|Any CPU
		{C21D953D-3555-4C9D-91ED-C62BF2296774}.Release|Any CPU.ActiveCfg = Release|Any CPU
		{C21D953D-3555-4C9D-91ED-C62BF2296774}.Release|Any CPU.Build.0 = Release|Any CPU
	EndGlobalSection
	GlobalSection(SolutionProperties) = preSolution
		HideSolutionNode = FALSE
	EndGlobalSection
	GlobalSection(ExtensibilityGlobals) = postSolution
		SolutionGuid = {A6061348-3C86-4B83-A5F8-A8CBC77EA895}
	EndGlobalSection
EndGlobal
